
Microsoft Visual Studio Solution File, Format Version 12.00
# Visual Studio Version 17
VisualStudioVersion = 17.5.001.0
MinimumVisualStudioVersion = 10.0.40219.1
Project("{9A19103F-16F7-4668-BE54-9A1E7A4F7556}") = "Dotnet-esercizi", "Dotnet-esercizi.csproj", "{397D82D4-F781-4634-8A28-0CB8B35443FD}"
EndProject
Global
	GlobalSection(SolutionConfigurationPlatforms) = preSolution
		Debug|Any CPU = Debug|Any CPU
		Release|Any CPU = Release|Any CPU
	EndGlobalSection
	GlobalSection(ProjectConfigurationPlatforms) = postSolution
		{397D82D4-F781-4634-8A28-0CB8B35443FD}.Debug|Any CPU.ActiveCfg = Debug|Any CPU
		{397D82D4-F781-4634-8A28-0CB8B35443FD}.Debug|Any CPU.Build.0 = Debug|Any CPU
		{397D82D4-F781-4634-8A28-0CB8B35443FD}.Release|Any CPU.ActiveCfg = Release|Any CPU
		{397D82D4-F781-4634-8A28-0CB8B35443FD}.Release|Any CPU.Build.0 = Release|Any CPU
	EndGlobalSection
	GlobalSection(SolutionProperties) = preSolution
		HideSolutionNode = FALSE
	EndGlobalSection
	GlobalSection(ExtensibilityGlobals) = postSolution
		SolutionGuid = {CCE6A04A-A055-4DAC-8361-14EFF8D3C2B6}
	EndGlobalSection
EndGlobal
